
Microsoft Visual Studio Solution File, Format Version 12.00
# Visual Studio Version 17
VisualStudioVersion = 17.11.35312.102
MinimumVisualStudioVersion = 10.0.40219.1
Project("{FAE04EC0-301F-11D3-BF4B-00C04F79EFBC}") = "WpfApp1", "WpfApp1\WpfApp1.csproj", "{4ABB1B01-93E8-4D2E-8DEF-B8E47BF01328}"
EndProject
Project("{FAE04EC0-301F-11D3-BF4B-00C04F79EFBC}") = "UnitTestProject1", "UnitTestProject1\UnitTestProject1.csproj", "{A9C5B777-325B-46CA-A4DD-570D4F02FAB6}"
EndProject
Project("{FAE04EC0-301F-11D3-BF4B-00C04F79EFBC}") = "UnitTestProject2", "UnitTestProject2\UnitTestProject2.csproj", "{1DB0FC8B-37C6-4E83-B8A7-7B0E881CB652}"
EndProject
Project("{FAE04EC0-301F-11D3-BF4B-00C04F79EFBC}") = "UnitTestProject3", "UnitTestProject3\UnitTestProject3.csproj", "{16AC71B9-1700-41FE-82ED-5659A5BE199C}"
EndProject
Project("{FAE04EC0-301F-11D3-BF4B-00C04F79EFBC}") = "UnitTestProject4", "UnitTestProject4\UnitTestProject4.csproj", "{FB63167E-608F-4068-820E-2AE51DD1A4A7}"
EndProject
Project("{FAE04EC0-301F-11D3-BF4B-00C04F79EFBC}") = "UnitTestProject5", "UnitTestProject5\UnitTestProject5.csproj", "{A59C050F-3E80-4086-84EB-15EE8D84A13C}"
EndProject
Global
	GlobalSection(SolutionConfigurationPlatforms) = preSolution
		Debug|Any CPU = Debug|Any CPU
		Release|Any CPU = Release|Any CPU
	EndGlobalSection
	GlobalSection(ProjectConfigurationPlatforms) = postSolution
		{4ABB1B01-93E8-4D2E-8DEF-B8E47BF01328}.Debug|Any CPU.ActiveCfg = Debug|Any CPU
		{4ABB1B01-93E8-4D2E-8DEF-B8E47BF01328}.Debug|Any CPU.Build.0 = Debug|Any CPU
		{4ABB1B01-93E8-4D2E-8DEF-B8E47BF01328}.Release|Any CPU.ActiveCfg = Release|Any CPU
		{4ABB1B01-93E8-4D2E-8DEF-B8E47BF01328}.Release|Any CPU.Build.0 = Release|Any CPU
		{A9C5B777-325B-46CA-A4DD-570D4F02FAB6}.Debug|Any CPU.ActiveCfg = Debug|Any CPU
		{A9C5B777-325B-46CA-A4DD-570D4F02FAB6}.Debug|Any CPU.Build.0 = Debug|Any CPU
		{A9C5B777-325B-46CA-A4DD-570D4F02FAB6}.Release|Any CPU.ActiveCfg = Release|Any CPU
		{A9C5B777-325B-46CA-A4DD-570D4F02FAB6}.Release|Any CPU.Build.0 = Release|Any CPU
		{1DB0FC8B-37C6-4E83-B8A7-7B0E881CB652}.Debug|Any CPU.ActiveCfg = Debug|Any CPU
		{1DB0FC8B-37C6-4E83-B8A7-7B0E881CB652}.Debug|Any CPU.Build.0 = Debug|Any CPU
		{1DB0FC8B-37C6-4E83-B8A7-7B0E881CB652}.Release|Any CPU.ActiveCfg = Release|Any CPU
		{1DB0FC8B-37C6-4E83-B8A7-7B0E881CB652}.Release|Any CPU.Build.0 = Release|Any CPU
		{16AC71B9-1700-41FE-82ED-5659A5BE199C}.Debug|Any CPU.ActiveCfg = Debug|Any CPU
		{16AC71B9-1700-41FE-82ED-5659A5BE199C}.Debug|Any CPU.Build.0 = Debug|Any CPU
		{16AC71B9-1700-41FE-82ED-5659A5BE199C}.Release|Any CPU.ActiveCfg = Release|Any CPU
		{16AC71B9-1700-41FE-82ED-5659A5BE199C}.Release|Any CPU.Build.0 = Release|Any CPU
		{FB63167E-608F-4068-820E-2AE51DD1A4A7}.Debug|Any CPU.ActiveCfg = Debug|Any CPU
		{FB63167E-608F-4068-820E-2AE51DD1A4A7}.Debug|Any CPU.Build.0 = Debug|Any CPU
		{FB63167E-608F-4068-820E-2AE51DD1A4A7}.Release|Any CPU.ActiveCfg = Release|Any CPU
		{FB63167E-608F-4068-820E-2AE51DD1A4A7}.Release|Any CPU.Build.0 = Release|Any CPU
		{A59C050F-3E80-4086-84EB-15EE8D84A13C}.Debug|Any CPU.ActiveCfg = Debug|Any CPU
		{A59C050F-3E80-4086-84EB-15EE8D84A13C}.Debug|Any CPU.Build.0 = Debug|Any CPU
		{A59C050F-3E80-4086-84EB-15EE8D84A13C}.Release|Any CPU.ActiveCfg = Release|Any CPU
		{A59C050F-3E80-4086-84EB-15EE8D84A13C}.Release|Any CPU.Build.0 = Release|Any CPU
	EndGlobalSection
	GlobalSection(SolutionProperties) = preSolution
		HideSolutionNode = FALSE
	EndGlobalSection
	GlobalSection(ExtensibilityGlobals) = postSolution
		SolutionGuid = {CB5F5D07-7DD6-411B-A2CA-B403FDF0A02E}
	EndGlobalSection
EndGlobal
